
Microsoft Visual Studio Solution File, Format Version 12.00
# Visual Studio Version 17
VisualStudioVersion = 17.11.35327.3
MinimumVisualStudioVersion = 10.0.40219.1
Project("{FAE04EC0-301F-11D3-BF4B-00C04F79EFBC}") = "editorDeTexto", "editorDeTexto\editorDeTexto.csproj", "{EFB01D6E-EA03-4514-B38C-75D8C329DB97}"
EndProject
Global
	GlobalSection(SolutionConfigurationPlatforms) = preSolution
		Debug|Any CPU = Debug|Any CPU
		Release|Any CPU = Release|Any CPU
	EndGlobalSection
	GlobalSection(ProjectConfigurationPlatforms) = postSolution
		{EFB01D6E-EA03-4514-B38C-75D8C329DB97}.Debug|Any CPU.ActiveCfg = Debug|Any CPU
		{EFB01D6E-EA03-4514-B38C-75D8C329DB97}.Debug|Any CPU.Build.0 = Debug|Any CPU
		{EFB01D6E-EA03-4514-B38C-75D8C329DB97}.Release|Any CPU.ActiveCfg = Release|Any CPU
		{EFB01D6E-EA03-4514-B38C-75D8C329DB97}.Release|Any CPU.Build.0 = Release|Any CPU
	EndGlobalSection
	GlobalSection(SolutionProperties) = preSolution
		HideSolutionNode = FALSE
	EndGlobalSection
	GlobalSection(ExtensibilityGlobals) = postSolution
		SolutionGuid = {4618906F-C022-4C3C-83C6-CC5C2C9AE9B2}
	EndGlobalSection
EndGlobal
